{
  "name": "fis3-base",
  "version": "0.1.0",
  "lockfileVersion": 1,
  "requires": true,
  "dependencies": {
    "@yanhaijing/console_js": {
      "version": "0.5.0",
      "resolved": "https://registry.npmjs.org/@yanhaijing/console_js/-/console_js-0.5.0.tgz",
      "integrity": "sha512-UEiAk4xQpWQtDVQsOH1KgNLpoa3pSBARw6I/xS7p/v8fRN1eF4buo3hsZlEoDFcaEmlfnIHYw51+Sm9W9bybbw=="
    },
    "@yanhaijing/event_js": {
      "version": "0.4.0-1",
      "resolved": "https://registry.npmjs.org/@yanhaijing/event_js/-/event_js-0.4.0-1.tgz",
      "integrity": "sha512-T9t+zk0pC7EYWQZEj5zUlbyH1K9yj07WBaKpYg/wGi3a8Bzync1cZXckE3TIya9J37gcSgoMMSZP02kdstFO5g==",
      "requires": {
        "@yanhaijing/is_js": "0.1.0-1"
      },
      "dependencies": {
        "@yanhaijing/is_js": {
          "version": "0.1.0-1",
          "resolved": "https://registry.npmjs.org/@yanhaijing/is_js/-/is_js-0.1.0-1.tgz",
          "integrity": "sha512-s9/2J7Qn2gZCS7CPQD0svYlxQHvSoFFcnGCbVMbuxVfxV5JoYwWAuV+vuEo6LVbFgUgZeh/mHnxqmeRgMPZ3vQ==",
          "requires": {
            "@yanhaijing/type_js": "0.1.0"
          }
        },
        "@yanhaijing/type_js": {
          "version": "0.1.0",
          "resolved": "https://registry.npmjs.org/@yanhaijing/type_js/-/type_js-0.1.0.tgz",
          "integrity": "sha512-01N/WvLoOiKmFTGi2kF6yuRwL9enB5Y9Xs1Dhu+zCWkS0oUMoRR6id2TnKsVOogrkJ1/cdKKc2yxaxS/1UDIqg=="
        }
      }
    },
    "@yanhaijing/guid_js": {
      "version": "0.5.0",
      "resolved": "https://registry.npmjs.org/@yanhaijing/guid_js/-/guid_js-0.5.0.tgz",
      "integrity": "sha512-S1ukjlbJnntKfNcKj/rT8NonXBJVnX+YTu8xVPhvfxm68ZXq1RCSFtkJ/1oBATJxMVhCYqjq+aXFKytdw/C+Nw=="
    },
    "@yanhaijing/inherits_js": {
      "version": "0.4.0",
      "resolved": "https://registry.npmjs.org/@yanhaijing/inherits_js/-/inherits_js-0.4.0.tgz",
      "integrity": "sha512-Mg5VRofO7bvQuxLB1sifoNNxSs7YfPDYFL9NUqRBY8Y7zXUZjMrnbdg/Y07pM+lmTEqCZY9Rtln5cUUUUXULxQ==",
      "requires": {
        "@yanhaijing/is_js": "0.1.0"
      },
      "dependencies": {
        "@yanhaijing/is_js": {
          "version": "0.1.0",
          "resolved": "https://registry.npmjs.org/@yanhaijing/is_js/-/is_js-0.1.0.tgz",
          "integrity": "sha512-nZ1MdHuU40fehDGpJFZtzgPjTzeAYmhA/7qqOYBgZl6nTOi7KFECrZj0HX8RGD4b82Li4g4OAMPPmKkNXMt1OA==",
          "requires": {
            "@yanhaijing/type_js": "0.1.0"
          }
        },
        "@yanhaijing/type_js": {
          "version": "0.1.0",
          "resolved": "https://registry.npmjs.org/@yanhaijing/type_js/-/type_js-0.1.0.tgz",
          "integrity": "sha512-01N/WvLoOiKmFTGi2kF6yuRwL9enB5Y9Xs1Dhu+zCWkS0oUMoRR6id2TnKsVOogrkJ1/cdKKc2yxaxS/1UDIqg=="
        }
      }
    },
    "@yanhaijing/is_js": {
      "version": "0.3.0",
      "resolved": "https://registry.npmjs.org/@yanhaijing/is_js/-/is_js-0.3.0.tgz",
      "integrity": "sha512-Fmk5ue2EDf72Qt3pe18hG48WHusQcH24bcKcktMIvfQW2GUuzXFO1tmnj0sFygx0Py4nfyNfI9sBUZmwymWAtQ==",
      "requires": {
        "@yanhaijing/type_js": "0.1.0"
      },
      "dependencies": {
        "@yanhaijing/type_js": {
          "version": "0.1.0",
          "resolved": "https://registry.npmjs.org/@yanhaijing/type_js/-/type_js-0.1.0.tgz",
          "integrity": "sha512-01N/WvLoOiKmFTGi2kF6yuRwL9enB5Y9Xs1Dhu+zCWkS0oUMoRR6id2TnKsVOogrkJ1/cdKKc2yxaxS/1UDIqg=="
        }
      }
    },
    "@yanhaijing/type_js": {
      "version": "0.3.0",
      "resolved": "https://registry.npmjs.org/@yanhaijing/type_js/-/type_js-0.3.0.tgz",
      "integrity": "sha512-+inUNh9zcl5fdnX/z95qHhjEXyzBxi8+/MusN6dKVzv0tm3JszjvISkJ+v16YiVCfSWbYWNHXjUddhmKTPhawg=="
    },
    "template_js": {
      "version": "0.7.1",
      "resolved": "http://r.npm.sankuai.com/template_js/download/template_js-0.7.1.tgz",
      "integrity": "sha1-vw8BI4e3olqq3cjzjZwDmmBlKFg="
    }
  }
}
