{
  "name": "fis3-base",
  "version": "0.1.0",
  "lockfileVersion": 1,
  "requires": true,
  "dependencies": {
    "template_js": {
      "version": "0.7.1",
      "resolved": "http://r.npm.sankuai.com/template_js/download/template_js-0.7.1.tgz",
      "integrity": "sha1-vw8BI4e3olqq3cjzjZwDmmBlKFg="
    }
  }
}
