{
  "name": "fis3-base",
  "version": "0.1.0",
  "lockfileVersion": 1,
  "requires": true,
  "dependencies": {
    "@jsmini/clone": {
      "version": "0.3.0",
      "resolved": "http://registry.npm.taobao.org/@jsmini/clone/download/@jsmini/clone-0.3.0.tgz",
      "integrity": "sha1-Q7m9zEUE+lMo8PHBAkBR3veqGEI=",
      "requires": {
        "@jsmini/type": "0.4.1",
        "babel-runtime": "6.26.0"
      },
      "dependencies": {
        "@jsmini/type": {
          "version": "0.4.1",
          "resolved": "http://registry.npm.taobao.org/@jsmini/type/download/@jsmini/type-0.4.1.tgz",
          "integrity": "sha1-smd+ABcpH1XAxKAJjUyi5YU1I3M="
        }
      }
    },
    "@jsmini/console": {
      "version": "0.6.0",
      "resolved": "https://registry.npmjs.org/@jsmini/console/-/console-0.6.0.tgz",
      "integrity": "sha512-HoxFH3WALBGSFtPa9vhcJ5GqPaQnIgPNPjPSLHtEedGSBhfbLDRyPKdHGeXDWyY/e520SL5LiFVgpFTpLtH6DQ=="
    },
    "@jsmini/event": {
      "version": "0.5.1",
      "resolved": "https://registry.npmjs.org/@jsmini/event/-/event-0.5.1.tgz",
      "integrity": "sha512-KeJP9TKcm4hqc/Z1jCSKPcoNF629IvT9doWc/yQYEpfrzG6RBSCnrh7HJn5cI3LslCYgI//7TdT5kRVbVjzt0A==",
      "requires": {
        "@jsmini/is": "0.4.0"
      }
    },
    "@jsmini/extend": {
      "version": "0.2.0",
      "resolved": "http://registry.npm.taobao.org/@jsmini/extend/download/@jsmini/extend-0.2.0.tgz",
      "integrity": "sha1-HBjYusOzTqK2et7J2XifKxKvxgo=",
      "requires": {
        "@jsmini/is": "0.7.1",
        "babel-runtime": "6.26.0"
      },
      "dependencies": {
        "@jsmini/is": {
          "version": "0.7.1",
          "resolved": "http://registry.npm.taobao.org/@jsmini/is/download/@jsmini/is-0.7.1.tgz",
          "integrity": "sha1-6LTaxgZc3EFh136PCvX9Uic1hG4=",
          "requires": {
            "@jsmini/type": "0.4.1"
          }
        },
        "@jsmini/type": {
          "version": "0.4.1",
          "resolved": "http://registry.npm.taobao.org/@jsmini/type/download/@jsmini/type-0.4.1.tgz",
          "integrity": "sha1-smd+ABcpH1XAxKAJjUyi5YU1I3M="
        }
      }
    },
    "@jsmini/guid": {
      "version": "0.6.0",
      "resolved": "https://registry.npmjs.org/@jsmini/guid/-/guid-0.6.0.tgz",
      "integrity": "sha512-cKaqeyfZZAQ0BQmQmW1q40NOhtc26DhSd7MMLPykHFcIPSgZXem4Rfx8ja/yeheDThYVZfPgMuxqdMcDj+OcHg=="
    },
    "@jsmini/inherits": {
      "version": "0.5.0",
      "resolved": "https://registry.npmjs.org/@jsmini/inherits/-/inherits-0.5.0.tgz",
      "integrity": "sha512-DTosvHfLTFOi5I2QtL81yrUz6hBR+i6HnoNWNDgz3yl5LAE9WHtO2rVNzdaPS/wokiuGsE2Bsm2NGRnkWrdvpQ==",
      "requires": {
        "@jsmini/is": "0.4.0"
      }
    },
    "@jsmini/is": {
      "version": "0.4.0",
      "resolved": "https://registry.npmjs.org/@jsmini/is/-/is-0.4.0.tgz",
      "integrity": "sha512-RZEXdECJ7nOt/QlBxWC5Rdn5zODBlv6SdGLgy58OK4G/IHrB3O5ZSiqbf2MPdN94OnORYAC8xG190Siqw+9QpA==",
      "requires": {
        "@jsmini/type": "0.4.0"
      }
    },
    "@jsmini/load": {
      "version": "0.1.0",
      "resolved": "http://registry.npm.taobao.org/@jsmini/load/download/@jsmini/load-0.1.0.tgz",
      "integrity": "sha1-pY7g+o9oY7h/4GWrxgrAp8v8UL0=",
      "requires": {
        "@jsmini/extend": "0.2.0",
        "@jsmini/guid": "0.7.0",
        "babel-runtime": "6.26.0"
      },
      "dependencies": {
        "@jsmini/guid": {
          "version": "0.7.0",
          "resolved": "http://registry.npm.taobao.org/@jsmini/guid/download/@jsmini/guid-0.7.0.tgz",
          "integrity": "sha1-2dydP7YmrVIOoLTUvccq6Od79Gs="
        }
      }
    },
    "@jsmini/pubsub": {
      "version": "0.1.0",
      "resolved": "http://registry.npm.taobao.org/@jsmini/pubsub/download/@jsmini/pubsub-0.1.0.tgz",
      "integrity": "sha1-i0G8GF0euWcTEyUn4RTA2gxdZzo=",
      "requires": {
        "@jsmini/event": "0.5.1",
        "@jsmini/is": "0.7.1",
        "babel-runtime": "6.26.0"
      },
      "dependencies": {
        "@jsmini/is": {
          "version": "0.7.1",
          "resolved": "http://registry.npm.taobao.org/@jsmini/is/download/@jsmini/is-0.7.1.tgz",
          "integrity": "sha1-6LTaxgZc3EFh136PCvX9Uic1hG4=",
          "requires": {
            "@jsmini/type": "0.4.1"
          }
        },
        "@jsmini/type": {
          "version": "0.4.1",
          "resolved": "http://registry.npm.taobao.org/@jsmini/type/download/@jsmini/type-0.4.1.tgz",
          "integrity": "sha1-smd+ABcpH1XAxKAJjUyi5YU1I3M="
        }
      }
    },
    "@jsmini/querystring": {
      "version": "0.1.0",
      "resolved": "http://registry.npm.taobao.org/@jsmini/querystring/download/@jsmini/querystring-0.1.0.tgz",
      "integrity": "sha1-HwMR2TdLrJ66/Lu7c9L0TW61Urw=",
      "requires": {
        "@jsmini/extend": "0.2.0",
        "@jsmini/type": "0.4.1",
        "babel-runtime": "6.26.0"
      },
      "dependencies": {
        "@jsmini/type": {
          "version": "0.4.1",
          "resolved": "http://registry.npm.taobao.org/@jsmini/type/download/@jsmini/type-0.4.1.tgz",
          "integrity": "sha1-smd+ABcpH1XAxKAJjUyi5YU1I3M="
        }
      }
    },
    "@jsmini/type": {
      "version": "0.4.0",
      "resolved": "https://registry.npmjs.org/@jsmini/type/-/type-0.4.0.tgz",
      "integrity": "sha512-aRfW1dVDQPeBordr3ShLrpD1K5Ecfcyb20r9X8wpH0qpZ0vFBUSakYcJS3N67eoebYHVc7GIzN0sQIq2sKyPMg=="
    },
    "@jsmini/url": {
      "version": "0.1.0",
      "resolved": "http://registry.npm.taobao.org/@jsmini/url/download/@jsmini/url-0.1.0.tgz",
      "integrity": "sha1-7+KcWTR67S4MLrWCs93YI7ru3HQ=",
      "requires": {
        "@jsmini/is": "0.7.1",
        "@jsmini/querystring": "0.1.0",
        "babel-runtime": "6.26.0"
      },
      "dependencies": {
        "@jsmini/is": {
          "version": "0.7.1",
          "resolved": "http://registry.npm.taobao.org/@jsmini/is/download/@jsmini/is-0.7.1.tgz",
          "integrity": "sha1-6LTaxgZc3EFh136PCvX9Uic1hG4=",
          "requires": {
            "@jsmini/type": "0.4.1"
          }
        },
        "@jsmini/type": {
          "version": "0.4.1",
          "resolved": "http://registry.npm.taobao.org/@jsmini/type/download/@jsmini/type-0.4.1.tgz",
          "integrity": "sha1-smd+ABcpH1XAxKAJjUyi5YU1I3M="
        }
      }
    },
    "babel-runtime": {
      "version": "6.26.0",
      "resolved": "http://registry.npm.taobao.org/babel-runtime/download/babel-runtime-6.26.0.tgz",
      "integrity": "sha1-llxwWGaOgrVde/4E/yM3vItWR/4=",
      "requires": {
        "core-js": "2.5.7",
        "regenerator-runtime": "0.11.1"
      }
    },
    "core-js": {
      "version": "2.5.7",
      "resolved": "http://registry.npm.taobao.org/core-js/download/core-js-2.5.7.tgz",
      "integrity": "sha1-+XJgj/DOrWi4QaFqky0LGDeRgU4="
    },
    "data_js": {
      "version": "0.3.0",
      "resolved": "https://registry.npmjs.org/data_js/-/data_js-0.3.0.tgz",
      "integrity": "sha1-7KQnXSdhaakemeILzlLRwyTKGf0="
    },
    "regenerator-runtime": {
      "version": "0.11.1",
      "resolved": "http://registry.npm.taobao.org/regenerator-runtime/download/regenerator-runtime-0.11.1.tgz",
      "integrity": "sha1-vgWtf5v30i4Fb5cmzuUBf78Z4uk="
    },
    "template_js": {
      "version": "0.6.1",
      "resolved": "https://registry.npmjs.org/template_js/-/template_js-0.6.1.tgz",
      "integrity": "sha1-SCmRJbKhQnRH6CqFTu1Vny7KgrE="
    }
  }
}
